
Microsoft Visual Studio Solution File, Format Version 12.00
# Visual Studio Version 16
VisualStudioVersion = 16.0.31911.196
MinimumVisualStudioVersion = 10.0.40219.1
Project("{FAE04EC0-301F-11D3-BF4B-00C04F79EFBC}") = "MySampleApp", "MySampleApp\MySampleApp.csproj", "{153064C1-39FF-44AF-B63D-1DB1A58C258C}"
EndProject
Global
	GlobalSection(SolutionConfigurationPlatforms) = preSolution
		Debug|Any CPU = Debug|Any CPU
		Release|Any CPU = Release|Any CPU
	EndGlobalSection
	GlobalSection(ProjectConfigurationPlatforms) = postSolution
		{153064C1-39FF-44AF-B63D-1DB1A58C258C}.Debug|Any CPU.ActiveCfg = Debug|Any CPU
		{153064C1-39FF-44AF-B63D-1DB1A58C258C}.Debug|Any CPU.Build.0 = Debug|Any CPU
		{153064C1-39FF-44AF-B63D-1DB1A58C258C}.Release|Any CPU.ActiveCfg = Release|Any CPU
		{153064C1-39FF-44AF-B63D-1DB1A58C258C}.Release|Any CPU.Build.0 = Release|Any CPU
	EndGlobalSection
	GlobalSection(SolutionProperties) = preSolution
		HideSolutionNode = FALSE
	EndGlobalSection
	GlobalSection(ExtensibilityGlobals) = postSolution
		SolutionGuid = {A16F3B43-0583-4AC7-AC65-7A07DD18D4F0}
	EndGlobalSection
EndGlobal
